// !$*UTF8*$!
{
	archiveVersion = 1;
	classes = {
	};
	objectVersion = 71;
	objects = {

/* Begin PBXBuildFile section */
		10A078915EE784E309E4ECE5 /* PandaBeFreeWidgets.appex in Embed Foundation Extensions */ = {isa = PBXBuildFile; fileRef = D86EEAC462745475D75FEC42 /* PandaBeFreeWidgets.appex */; settings = {ATTRIBUTES = (RemoveHeadersOnCopy, ); }; };
		AA100001AA100001AA100001 /* PandaBeFreeWatch.app in Embed Watch Content */ = {isa = PBXBuildFile; fileRef = AA100004AA100004AA100004 /* PandaBeFreeWatch.app */; settings = {ATTRIBUTES = (RemoveHeadersOnCopy, ); }; };
		CC50015001500150015001AA /* PandaModels in Frameworks */ = {isa = PBXBuildFile; productRef = CC60016001600160016001AA /* PandaModels */; };
		CC50025002500250025002AA /* Networking in Frameworks */ = {isa = PBXBuildFile; productRef = CC60026002600260026002AA /* Networking */; };
		CC50035003500350035003AA /* PandaUI in Frameworks */ = {isa = PBXBuildFile; productRef = CC60036003600360036003AA /* PandaUI */; };
		CC50039003900390039003AA /* Onboarding in Frameworks */ = {isa = PBXBuildFile; productRef = CC60039003900390039003AA /* Onboarding */; };
		CC50040004000400040004BB /* PrinterControl in Frameworks */ = {isa = PBXBuildFile; productRef = CC60040004000400040004BB /* PrinterControl */; };
		CC50041004100410041004CC /* PandaNotifications in Frameworks */ = {isa = PBXBuildFile; productRef = CC60041004100410041004CC /* PandaNotifications */; };
		CC50042004200420042004DD /* PandaLogger in Frameworks */ = {isa = PBXBuildFile; productRef = CC60042004200420042004DD /* PandaLogger */; };
		CC50045004500450045004AA /* PandaModels in Frameworks */ = {isa = PBXBuildFile; productRef = CC60046004600460046004AA /* PandaModels */; };
		CC50055005500550055005AA /* Networking in Frameworks */ = {isa = PBXBuildFile; productRef = CC60056005600560056005AA /* Networking */; };
		CC50065006500650065006AA /* PandaUI in Frameworks */ = {isa = PBXBuildFile; productRef = CC60066006600660066006AA /* PandaUI */; };
		CC50067006700670067004CC /* PandaNotifications in Frameworks */ = {isa = PBXBuildFile; productRef = CC60067006700670067004CC /* PandaNotifications */; };
		CC50075007500750075007AA /* PandaModels in Frameworks */ = {isa = PBXBuildFile; productRef = CC60076007600760076007AA /* PandaModels */; };
		CC50085008500850085008AA /* Networking in Frameworks */ = {isa = PBXBuildFile; productRef = CC60086008600860086008AA /* Networking */; };
		CC50089008900890089004CC /* PandaNotifications in Frameworks */ = {isa = PBXBuildFile; productRef = CC60089008900890089004CC /* PandaNotifications */; };
		F88F3EB72F60654E00BFA018 /* NavigatorUI in Frameworks */ = {isa = PBXBuildFile; productRef = CC90019001900190019001AA /* NavigatorUI */; };
/* End PBXBuildFile section */

/* Begin PBXContainerItemProxy section */
		AA100002AA100002AA100002 /* PBXContainerItemProxy */ = {
			isa = PBXContainerItemProxy;
			containerPortal = 89883CB3A77EDF3D2C1BB66A /* Project object */;
			proxyType = 1;
			remoteGlobalIDString = AA100008AA100008AA100008;
			remoteInfo = PandaBeFreeWatch;
		};
		A607B8DEABD93767D8004B1D /* PBXContainerItemProxy */ = {
			isa = PBXContainerItemProxy;
			containerPortal = 89883CB3A77EDF3D2C1BB66A /* Project object */;
			proxyType = 1;
			remoteGlobalIDString = 67A507F25268BF5A58657171;
			remoteInfo = PandaBeFreeWidgets;
		};
		CC0020002000200020002000 /* PBXContainerItemProxy */ = {
			isa = PBXContainerItemProxy;
			containerPortal = 89883CB3A77EDF3D2C1BB66A /* Project object */;
			proxyType = 1;
			remoteGlobalIDString = 880AA1AAF12ED3660BD0F1EC;
			remoteInfo = PandaBeFree;
		};
/* End PBXContainerItemProxy section */

/* Begin PBXCopyFilesBuildPhase section */
		AA100003AA100003AA100003 /* Embed Watch Content */ = {
			isa = PBXCopyFilesBuildPhase;
			buildActionMask = 2147483647;
			dstPath = "$(CONTENTS_FOLDER_PATH)/Watch";
			dstSubfolderSpec = 16;
			files = (
				AA100001AA100001AA100001 /* PandaBeFreeWatch.app in Embed Watch Content */,
			);
			name = "Embed Watch Content";
			runOnlyForDeploymentPostprocessing = 0;
		};
		8B97E6F6E21357353A695675 /* Embed Foundation Extensions */ = {
			isa = PBXCopyFilesBuildPhase;
			buildActionMask = 2147483647;
			dstPath = "";
			dstSubfolderSpec = 13;
			files = (
				10A078915EE784E309E4ECE5 /* PandaBeFreeWidgets.appex in Embed Foundation Extensions */,
			);
			name = "Embed Foundation Extensions";
			runOnlyForDeploymentPostprocessing = 0;
		};
/* End PBXCopyFilesBuildPhase section */

/* Begin PBXFileReference section */
		1C09D3078BC671FDCDBF3F3E /* PandaBeFree.app */ = {isa = PBXFileReference; explicitFileType = wrapper.application; includeInIndex = 0; path = PandaBeFree.app; sourceTree = BUILT_PRODUCTS_DIR; };
		AA100004AA100004AA100004 /* PandaBeFreeWatch.app */ = {isa = PBXFileReference; explicitFileType = wrapper.application; includeInIndex = 0; path = PandaBeFreeWatch.app; sourceTree = BUILT_PRODUCTS_DIR; };
		D86EEAC462745475D75FEC42 /* PandaBeFreeWidgets.appex */ = {isa = PBXFileReference; explicitFileType = "wrapper.app-extension"; includeInIndex = 0; path = PandaBeFreeWidgets.appex; sourceTree = BUILT_PRODUCTS_DIR; };
		DD0020002000200020002000 /* PandaBeFreeTests.xctest */ = {isa = PBXFileReference; explicitFileType = wrapper.cfbundle; includeInIndex = 0; path = PandaBeFreeTests.xctest; sourceTree = BUILT_PRODUCTS_DIR; };
/* End PBXFileReference section */

/* Begin PBXFileSystemSynchronizedBuildFileExceptionSet section */
		F8861C632F61B11600E5CB64 /* PBXFileSystemSynchronizedBuildFileExceptionSet */ = {
			isa = PBXFileSystemSynchronizedBuildFileExceptionSet;
			membershipExceptions = (
				Info.plist,
			);
			target = 880AA1AAF12ED3660BD0F1EC /* PandaBeFree */;
		};
/* End PBXFileSystemSynchronizedBuildFileExceptionSet section */

/* Begin PBXFileSystemSynchronizedRootGroup section */
		AA100005AA100005AA100005 /* PandaBeFreeWatch */ = {isa = PBXFileSystemSynchronizedRootGroup; explicitFileTypes = {}; explicitFolders = (); path = PandaBeFreeWatch; sourceTree = "<group>"; };
		AA100006AA100006AA100006 /* PandaWatchShared */ = {isa = PBXFileSystemSynchronizedRootGroup; explicitFileTypes = {}; explicitFolders = (); path = PandaWatchShared; sourceTree = "<group>"; };
		F8861C4E2F61B11600E5CB64 /* PandaBeFree */ = {isa = PBXFileSystemSynchronizedRootGroup; exceptions = (F8861C632F61B11600E5CB64 /* PBXFileSystemSynchronizedBuildFileExceptionSet */, ); explicitFileTypes = {}; explicitFolders = (); path = PandaBeFree; sourceTree = "<group>"; };
		F8861C772F61B11A00E5CB64 /* PandaBeFreeWidgets */ = {isa = PBXFileSystemSynchronizedRootGroup; explicitFileTypes = {}; explicitFolders = (); path = PandaBeFreeWidgets; sourceTree = "<group>"; };
		F8861C852F61B11D00E5CB64 /* PandaBeFreeTests */ = {isa = PBXFileSystemSynchronizedRootGroup; explicitFileTypes = {}; explicitFolders = (); path = PandaBeFreeTests; sourceTree = "<group>"; };
		F8861C882F61B14500E5CB64 /* Modules */ = {isa = PBXFileSystemSynchronizedRootGroup; explicitFileTypes = {}; explicitFolders = (); path = Modules; sourceTree = "<group>"; };
		F8861C8E2F61B16C00E5CB64 /* Configuration */ = {isa = PBXFileSystemSynchronizedRootGroup; explicitFileTypes = {}; explicitFolders = (); path = Configuration; sourceTree = "<group>"; };
		F8861C912F61B19700E5CB64 /* Resources */ = {isa = PBXFileSystemSynchronizedRootGroup; explicitFileTypes = {}; explicitFolders = (); path = Resources; sourceTree = "<group>"; };
/* End PBXFileSystemSynchronizedRootGroup section */

/* Begin PBXFrameworksBuildPhase section */
		AA100007AA100007AA100007 /* Frameworks */ = {
			isa = PBXFrameworksBuildPhase;
			buildActionMask = 2147483647;
			files = (
			);
			runOnlyForDeploymentPostprocessing = 0;
		};
		A0EFCD2F5148058D780A6CAD /* Frameworks */ = {
			isa = PBXFrameworksBuildPhase;
			buildActionMask = 2147483647;
			files = (
				F88F3EB72F60654E00BFA018 /* NavigatorUI in Frameworks */,
				CC50015001500150015001AA /* PandaModels in Frameworks */,
				CC50025002500250025002AA /* Networking in Frameworks */,
				CC50035003500350035003AA /* PandaUI in Frameworks */,
				CC50039003900390039003AA /* Onboarding in Frameworks */,
				CC50040004000400040004BB /* PrinterControl in Frameworks */,
				CC50041004100410041004CC /* PandaNotifications in Frameworks */,
				CC50042004200420042004DD /* PandaLogger in Frameworks */,
			);
			runOnlyForDeploymentPostprocessing = 0;
		};
		CC0030003000300030003000 /* Frameworks */ = {
			isa = PBXFrameworksBuildPhase;
			buildActionMask = 2147483647;
			files = (
				CC50075007500750075007AA /* PandaModels in Frameworks */,
				CC50085008500850085008AA /* Networking in Frameworks */,
				CC50089008900890089004CC /* PandaNotifications in Frameworks */,
			);
			runOnlyForDeploymentPostprocessing = 0;
		};
		CDFC01563CD0D5FA355D6C9E /* Frameworks */ = {
			isa = PBXFrameworksBuildPhase;
			buildActionMask = 2147483647;
			files = (
				CC50045004500450045004AA /* PandaModels in Frameworks */,
				CC50055005500550055005AA /* Networking in Frameworks */,
				CC50065006500650065006AA /* PandaUI in Frameworks */,
				CC50067006700670067004CC /* PandaNotifications in Frameworks */,
			);
			runOnlyForDeploymentPostprocessing = 0;
		};
/* End PBXFrameworksBuildPhase section */

/* Begin PBXGroup section */
		3D88E60D67CF2B86DD474327 = {
			isa = PBXGroup;
			children = (
				F8861C8E2F61B16C00E5CB64 /* Configuration */,
				F8861C882F61B14500E5CB64 /* Modules */,
				F8861C4E2F61B11600E5CB64 /* PandaBeFree */,
				AA100005AA100005AA100005 /* PandaBeFreeWatch */,
				AA100006AA100006AA100006 /* PandaWatchShared */,
				F8861C772F61B11A00E5CB64 /* PandaBeFreeWidgets */,
				F8861C852F61B11D00E5CB64 /* PandaBeFreeTests */,
				F8861C912F61B19700E5CB64 /* Resources */,
				F6939D9D1CA440BB4CEF49ED /* Products */,
			);
			sourceTree = "<group>";
		};
		F6939D9D1CA440BB4CEF49ED /* Products */ = {
			isa = PBXGroup;
			children = (
				1C09D3078BC671FDCDBF3F3E /* PandaBeFree.app */,
				AA100004AA100004AA100004 /* PandaBeFreeWatch.app */,
				D86EEAC462745475D75FEC42 /* PandaBeFreeWidgets.appex */,
				DD0020002000200020002000 /* PandaBeFreeTests.xctest */,
			);
			name = Products;
			sourceTree = "<group>";
		};
/* End PBXGroup section */

/* Begin PBXNativeTarget section */
		AA100008AA100008AA100008 /* PandaBeFreeWatch */ = {
			isa = PBXNativeTarget;
			buildConfigurationList = AA10000EAA10000EAA10000E /* Build configuration list for PBXNativeTarget "PandaBeFreeWatch" */;
			buildPhases = (
				AA10000AAA10000AAA10000A /* Sources */,
				AA100007AA100007AA100007 /* Frameworks */,
				AA100009AA100009AA100009 /* Resources */,
			);
			buildRules = (
			);
			dependencies = (
			);
			fileSystemSynchronizedGroups = (
				AA100005AA100005AA100005 /* PandaBeFreeWatch */,
				AA100006AA100006AA100006 /* PandaWatchShared */,
			);
			name = PandaBeFreeWatch;
			packageProductDependencies = (
			);
			productName = PandaBeFreeWatch;
			productReference = AA100004AA100004AA100004 /* PandaBeFreeWatch.app */;
			productType = "com.apple.product-type.application";
		};
		67A507F25268BF5A58657171 /* PandaBeFreeWidgets */ = {
			isa = PBXNativeTarget;
			buildConfigurationList = 471E8347629D4E0CA1BF532F /* Build configuration list for PBXNativeTarget "PandaBeFreeWidgets" */;
			buildPhases = (
				CDFC00563CD0D5FA355D6C9D /* Sources */,
				CDFC01563CD0D5FA355D6C9E /* Frameworks */,
			);
			buildRules = (
			);
			dependencies = (
			);
			fileSystemSynchronizedGroups = (
				F8861C772F61B11A00E5CB64 /* PandaBeFreeWidgets */,
			);
			name = PandaBeFreeWidgets;
			packageProductDependencies = (
				CC60046004600460046004AA /* PandaModels */,
				CC60056005600560056005AA /* Networking */,
				CC60066006600660066006AA /* PandaUI */,
				CC60067006700670067004CC /* PandaNotifications */,
			);
			productName = PandaBeFreeWidgets;
			productReference = D86EEAC462745475D75FEC42 /* PandaBeFreeWidgets.appex */;
			productType = "com.apple.product-type.app-extension";
		};
		880AA1AAF12ED3660BD0F1EC /* PandaBeFree */ = {
			isa = PBXNativeTarget;
			buildConfigurationList = 06E0806B025D4C9209BCE708 /* Build configuration list for PBXNativeTarget "PandaBeFree" */;
			buildPhases = (
				1718088A2CB141E63D0E4C2A /* Sources */,
				973C49A5DB45A231E9C317EF /* Resources */,
				A0EFCD2F5148058D780A6CAD /* Frameworks */,
				8B97E6F6E21357353A695675 /* Embed Foundation Extensions */,
				AA100003AA100003AA100003 /* Embed Watch Content */,
			);
			buildRules = (
			);
			dependencies = (
				C405D1712A7E4B42E1FB0DCA /* PBXTargetDependency */,
				AA10000BAA10000BAA10000B /* PBXTargetDependency */,
			);
			fileSystemSynchronizedGroups = (
				F8861C4E2F61B11600E5CB64 /* PandaBeFree */,
				AA100006AA100006AA100006 /* PandaWatchShared */,
				F8861C912F61B19700E5CB64 /* Resources */,
			);
			name = PandaBeFree;
			packageProductDependencies = (
				CC60016001600160016001AA /* PandaModels */,
				CC60026002600260026002AA /* Networking */,
				CC60036003600360036003AA /* PandaUI */,
				CC60039003900390039003AA /* Onboarding */,
				CC60040004000400040004BB /* PrinterControl */,
				CC60041004100410041004CC /* PandaNotifications */,
				CC60042004200420042004DD /* PandaLogger */,
				CC90019001900190019001AA /* NavigatorUI */,
			);
			productName = PandaBeFree;
			productReference = 1C09D3078BC671FDCDBF3F3E /* PandaBeFree.app */;
			productType = "com.apple.product-type.application";
		};
		CC0010001000100010001000 /* PandaBeFreeTests */ = {
			isa = PBXNativeTarget;
			buildConfigurationList = CC0040004000400040004000 /* Build configuration list for PBXNativeTarget "PandaBeFreeTests" */;
			buildPhases = (
				CC0031003100310031003100 /* Sources */,
				CC0030003000300030003000 /* Frameworks */,
			);
			buildRules = (
			);
			dependencies = (
				CC0021002100210021002100 /* PBXTargetDependency */,
			);
			fileSystemSynchronizedGroups = (
				F8861C852F61B11D00E5CB64 /* PandaBeFreeTests */,
			);
			name = PandaBeFreeTests;
			packageProductDependencies = (
				CC60076007600760076007AA /* PandaModels */,
				CC60086008600860086008AA /* Networking */,
				CC60089008900890089004CC /* PandaNotifications */,
			);
			productName = PandaBeFreeTests;
			productReference = DD0020002000200020002000 /* PandaBeFreeTests.xctest */;
			productType = "com.apple.product-type.bundle.unit-test";
		};
/* End PBXNativeTarget section */

/* Begin PBXProject section */
		89883CB3A77EDF3D2C1BB66A /* Project object */ = {
			isa = PBXProject;
			attributes = {
				BuildIndependentTargetsInParallel = YES;
				LastUpgradeCheck = 1600;
				TargetAttributes = {
					AA100008AA100008AA100008 = {
						CreatedOnToolsVersion = 16.0;
					};
				};
			};
			buildConfigurationList = 19F51EE8AB0D3C1E1BD800CD /* Build configuration list for PBXProject "PandaBeFree" */;
			compatibilityVersion = "Xcode 14.0";
			developmentRegion = en;
			hasScannedForEncodings = 0;
			knownRegions = (
				Base,
				en,
				English,
			);
			mainGroup = 3D88E60D67CF2B86DD474327;
			packageReferences = (
				CC70007000700070007000AA /* XCLocalSwiftPackageReference "Modules/PandaModules" */,
				CC90009000900090009000AA /* XCRemoteSwiftPackageReference "Navigator" */,
			);
			projectDirPath = "";
			projectRoot = "";
			targets = (
				880AA1AAF12ED3660BD0F1EC /* PandaBeFree */,
				AA100008AA100008AA100008 /* PandaBeFreeWatch */,
				67A507F25268BF5A58657171 /* PandaBeFreeWidgets */,
				CC0010001000100010001000 /* PandaBeFreeTests */,
			);
		};
/* End PBXProject section */

/* Begin PBXResourcesBuildPhase section */
		AA100009AA100009AA100009 /* Resources */ = {
			isa = PBXResourcesBuildPhase;
			buildActionMask = 2147483647;
			files = (
			);
			runOnlyForDeploymentPostprocessing = 0;
		};
		973C49A5DB45A231E9C317EF /* Resources */ = {
			isa = PBXResourcesBuildPhase;
			buildActionMask = 2147483647;
			files = (
			);
			runOnlyForDeploymentPostprocessing = 0;
		};
/* End PBXResourcesBuildPhase section */

/* Begin PBXSourcesBuildPhase section */
		AA10000AAA10000AAA10000A /* Sources */ = {
			isa = PBXSourcesBuildPhase;
			buildActionMask = 2147483647;
			files = (
			);
			runOnlyForDeploymentPostprocessing = 0;
		};
		1718088A2CB141E63D0E4C2A /* Sources */ = {
			isa = PBXSourcesBuildPhase;
			buildActionMask = 2147483647;
			files = (
			);
			runOnlyForDeploymentPostprocessing = 0;
		};
		CC0031003100310031003100 /* Sources */ = {
			isa = PBXSourcesBuildPhase;
			buildActionMask = 2147483647;
			files = (
			);
			runOnlyForDeploymentPostprocessing = 0;
		};
		CDFC00563CD0D5FA355D6C9D /* Sources */ = {
			isa = PBXSourcesBuildPhase;
			buildActionMask = 2147483647;
			files = (
			);
			runOnlyForDeploymentPostprocessing = 0;
		};
/* End PBXSourcesBuildPhase section */

/* Begin PBXTargetDependency section */
		AA10000BAA10000BAA10000B /* PBXTargetDependency */ = {
			isa = PBXTargetDependency;
			target = AA100008AA100008AA100008 /* PandaBeFreeWatch */;
			targetProxy = AA100002AA100002AA100002 /* PBXContainerItemProxy */;
		};
		C405D1712A7E4B42E1FB0DCA /* PBXTargetDependency */ = {
			isa = PBXTargetDependency;
			target = 67A507F25268BF5A58657171 /* PandaBeFreeWidgets */;
			targetProxy = A607B8DEABD93767D8004B1D /* PBXContainerItemProxy */;
		};
		CC0021002100210021002100 /* PBXTargetDependency */ = {
			isa = PBXTargetDependency;
			target = 880AA1AAF12ED3660BD0F1EC /* PandaBeFree */;
			targetProxy = CC0020002000200020002000 /* PBXContainerItemProxy */;
		};
/* End PBXTargetDependency section */

/* Begin XCBuildConfiguration section */
		AA10000CAA10000CAA10000C /* Debug */ = {
			isa = XCBuildConfiguration;
			baseConfigurationReferenceAnchor = F8861C8E2F61B16C00E5CB64 /* Configuration */;
			baseConfigurationReferenceRelativePath = Base.xcconfig;
			buildSettings = {
				CODE_SIGN_STYLE = Automatic;
				CURRENT_PROJECT_VERSION = 7;
				ENABLE_PREVIEWS = YES;
				GENERATE_INFOPLIST_FILE = YES;
				INFOPLIST_KEY_CFBundleDisplayName = PandaBeFree;
				INFOPLIST_KEY_WKCompanionAppBundleIdentifier = "$(APP_BUNDLE_ID)";
				LD_RUNPATH_SEARCH_PATHS = (
					"$(inherited)",
					"@executable_path/Frameworks",
				);
				MARKETING_VERSION = 1.0;
				PRODUCT_BUNDLE_IDENTIFIER = "$(APP_BUNDLE_ID).watchkitapp";
				PRODUCT_NAME = "$(TARGET_NAME)";
				SDKROOT = watchos;
				SKIP_INSTALL = YES;
				SUPPORTED_PLATFORMS = "watchos watchsimulator";
				SWIFT_EMIT_LOC_STRINGS = YES;
				SWIFT_VERSION = 6.0;
				TARGETED_DEVICE_FAMILY = 4;
				WATCHOS_DEPLOYMENT_TARGET = 11.0;
			};
			name = Debug;
		};
		AA10000DAA10000DAA10000D /* Release */ = {
			isa = XCBuildConfiguration;
			baseConfigurationReferenceAnchor = F8861C8E2F61B16C00E5CB64 /* Configuration */;
			baseConfigurationReferenceRelativePath = Base.xcconfig;
			buildSettings = {
				CODE_SIGN_STYLE = Automatic;
				CURRENT_PROJECT_VERSION = 7;
				ENABLE_PREVIEWS = YES;
				GENERATE_INFOPLIST_FILE = YES;
				INFOPLIST_KEY_CFBundleDisplayName = PandaBeFree;
				INFOPLIST_KEY_WKCompanionAppBundleIdentifier = "$(APP_BUNDLE_ID)";
				LD_RUNPATH_SEARCH_PATHS = (
					"$(inherited)",
					"@executable_path/Frameworks",
				);
				MARKETING_VERSION = 1.0;
				PRODUCT_BUNDLE_IDENTIFIER = "$(APP_BUNDLE_ID).watchkitapp";
				PRODUCT_NAME = "$(TARGET_NAME)";
				SDKROOT = watchos;
				SKIP_INSTALL = YES;
				SUPPORTED_PLATFORMS = "watchos watchsimulator";
				SWIFT_EMIT_LOC_STRINGS = YES;
				SWIFT_VERSION = 6.0;
				TARGETED_DEVICE_FAMILY = 4;
				WATCHOS_DEPLOYMENT_TARGET = 11.0;
			};
			name = Release;
		};
		0F9EFD4B6D38ED5F612B2AE0 /* Release */ = {
			isa = XCBuildConfiguration;
			buildSettings = {
				CODE_SIGN_ENTITLEMENTS = PandaBeFreeWidgets/PandaBeFreeWidgets.entitlements;
				CURRENT_PROJECT_VERSION = 7;
				GENERATE_INFOPLIST_FILE = NO;
				INFOPLIST_FILE = PandaBeFreeWidgets/Info.plist;
				INFOPLIST_KEY_CFBundleDisplayName = PandaBeFree;
				LD_RUNPATH_SEARCH_PATHS = (
					"$(inherited)",
					"@executable_path/Frameworks",
					"@executable_path/../../Frameworks",
				);
				MARKETING_VERSION = 1.0;
				PRODUCT_BUNDLE_IDENTIFIER = "$(APP_BUNDLE_ID).widgets";
				SDKROOT = iphoneos;
				SUPPORTED_PLATFORMS = "iphoneos iphonesimulator";
				SUPPORTS_MACCATALYST = NO;
				SUPPORTS_MAC_DESIGNED_FOR_IPHONE_IPAD = NO;
				SUPPORTS_XR_DESIGNED_FOR_IPHONE_IPAD = NO;
				SWIFT_VERSION = 6.0;
				TARGETED_DEVICE_FAMILY = 1;
			};
			name = Release;
		};
		141826864C15A537EDC0B42E /* Release */ = {
			isa = XCBuildConfiguration;
			baseConfigurationReferenceAnchor = F8861C8E2F61B16C00E5CB64 /* Configuration */;
			baseConfigurationReferenceRelativePath = Base.xcconfig;
			buildSettings = {
				ALWAYS_SEARCH_USER_PATHS = NO;
				CLANG_ANALYZER_NONNULL = YES;
				CLANG_ANALYZER_NUMBER_OBJECT_CONVERSION = YES_AGGRESSIVE;
				CLANG_CXX_LANGUAGE_STANDARD = "gnu++14";
				CLANG_CXX_LIBRARY = "libc++";
				CLANG_ENABLE_MODULES = YES;
				CLANG_ENABLE_OBJC_ARC = YES;
				CLANG_ENABLE_OBJC_WEAK = YES;
				CLANG_WARN_BLOCK_CAPTURE_AUTORELEASING = YES;
				CLANG_WARN_BOOL_CONVERSION = YES;
				CLANG_WARN_COMMA = YES;
				CLANG_WARN_CONSTANT_CONVERSION = YES;
				CLANG_WARN_DEPRECATED_OBJC_IMPLEMENTATIONS = YES;
				CLANG_WARN_DIRECT_OBJC_ISA_USAGE = YES_ERROR;
				CLANG_WARN_DOCUMENTATION_COMMENTS = YES;
				CLANG_WARN_EMPTY_BODY = YES;
				CLANG_WARN_ENUM_CONVERSION = YES;
				CLANG_WARN_INFINITE_RECURSION = YES;
				CLANG_WARN_INT_CONVERSION = YES;
				CLANG_WARN_NON_LITERAL_NULL_CONVERSION = YES;
				CLANG_WARN_OBJC_IMPLICIT_RETAIN_SELF = YES;
				CLANG_WARN_OBJC_LITERAL_CONVERSION = YES;
				CLANG_WARN_OBJC_ROOT_CLASS = YES_ERROR;
				CLANG_WARN_QUOTED_INCLUDE_IN_FRAMEWORK_HEADER = YES;
				CLANG_WARN_RANGE_LOOP_ANALYSIS = YES;
				CLANG_WARN_STRICT_PROTOTYPES = YES;
				CLANG_WARN_SUSPICIOUS_MOVE = YES;
				CLANG_WARN_UNGUARDED_AVAILABILITY = YES_AGGRESSIVE;
				CLANG_WARN_UNREACHABLE_CODE = YES;
				CLANG_WARN__DUPLICATE_METHOD_MATCH = YES;
				COPY_PHASE_STRIP = NO;
				DEBUG_INFORMATION_FORMAT = "dwarf-with-dsym";
				ENABLE_NS_ASSERTIONS = NO;
				ENABLE_STRICT_OBJC_MSGSEND = YES;
				GCC_C_LANGUAGE_STANDARD = gnu11;
				GCC_NO_COMMON_BLOCKS = YES;
				GCC_WARN_64_TO_32_BIT_CONVERSION = YES;
				GCC_WARN_ABOUT_RETURN_TYPE = YES_ERROR;
				GCC_WARN_UNDECLARED_SELECTOR = YES;
				GCC_WARN_UNINITIALIZED_AUTOS = YES_AGGRESSIVE;
				GCC_WARN_UNUSED_FUNCTION = YES;
				GCC_WARN_UNUSED_VARIABLE = YES;
				IPHONEOS_DEPLOYMENT_TARGET = 18.0;
				MTL_ENABLE_DEBUG_INFO = NO;
				MTL_FAST_MATH = YES;
				PRODUCT_NAME = "$(TARGET_NAME)";
				SDKROOT = iphoneos;
				SWIFT_COMPILATION_MODE = wholemodule;
				SWIFT_EMIT_LOC_STRINGS = YES;
				SWIFT_OPTIMIZATION_LEVEL = "-O";
				SWIFT_VERSION = 5.0;
			};
			name = Release;
		};
		3343E77F4C0319676F858BB8 /* Debug */ = {
			isa = XCBuildConfiguration;
			baseConfigurationReferenceAnchor = F8861C8E2F61B16C00E5CB64 /* Configuration */;
			baseConfigurationReferenceRelativePath = Base.xcconfig;
			buildSettings = {
				ALWAYS_SEARCH_USER_PATHS = NO;
				CLANG_ANALYZER_NONNULL = YES;
				CLANG_ANALYZER_NUMBER_OBJECT_CONVERSION = YES_AGGRESSIVE;
				CLANG_CXX_LANGUAGE_STANDARD = "gnu++14";
				CLANG_CXX_LIBRARY = "libc++";
				CLANG_ENABLE_MODULES = YES;
				CLANG_ENABLE_OBJC_ARC = YES;
				CLANG_ENABLE_OBJC_WEAK = YES;
				CLANG_WARN_BLOCK_CAPTURE_AUTORELEASING = YES;
				CLANG_WARN_BOOL_CONVERSION = YES;
				CLANG_WARN_COMMA = YES;
				CLANG_WARN_CONSTANT_CONVERSION = YES;
				CLANG_WARN_DEPRECATED_OBJC_IMPLEMENTATIONS = YES;
				CLANG_WARN_DIRECT_OBJC_ISA_USAGE = YES_ERROR;
				CLANG_WARN_DOCUMENTATION_COMMENTS = YES;
				CLANG_WARN_EMPTY_BODY = YES;
				CLANG_WARN_ENUM_CONVERSION = YES;
				CLANG_WARN_INFINITE_RECURSION = YES;
				CLANG_WARN_INT_CONVERSION = YES;
				CLANG_WARN_NON_LITERAL_NULL_CONVERSION = YES;
				CLANG_WARN_OBJC_IMPLICIT_RETAIN_SELF = YES;
				CLANG_WARN_OBJC_LITERAL_CONVERSION = YES;
				CLANG_WARN_OBJC_ROOT_CLASS = YES_ERROR;
				CLANG_WARN_QUOTED_INCLUDE_IN_FRAMEWORK_HEADER = YES;
				CLANG_WARN_RANGE_LOOP_ANALYSIS = YES;
				CLANG_WARN_STRICT_PROTOTYPES = YES;
				CLANG_WARN_SUSPICIOUS_MOVE = YES;
				CLANG_WARN_UNGUARDED_AVAILABILITY = YES_AGGRESSIVE;
				CLANG_WARN_UNREACHABLE_CODE = YES;
				CLANG_WARN__DUPLICATE_METHOD_MATCH = YES;
				COPY_PHASE_STRIP = NO;
				DEBUG_INFORMATION_FORMAT = dwarf;
				ENABLE_STRICT_OBJC_MSGSEND = YES;
				ENABLE_TESTABILITY = YES;
				GCC_C_LANGUAGE_STANDARD = gnu11;
				GCC_DYNAMIC_NO_PIC = NO;
				GCC_NO_COMMON_BLOCKS = YES;
				GCC_OPTIMIZATION_LEVEL = 0;
				GCC_PREPROCESSOR_DEFINITIONS = (
					"$(inherited)",
					"DEBUG=1",
				);
				GCC_WARN_64_TO_32_BIT_CONVERSION = YES;
				GCC_WARN_ABOUT_RETURN_TYPE = YES_ERROR;
				GCC_WARN_UNDECLARED_SELECTOR = YES;
				GCC_WARN_UNINITIALIZED_AUTOS = YES_AGGRESSIVE;
				GCC_WARN_UNUSED_FUNCTION = YES;
				GCC_WARN_UNUSED_VARIABLE = YES;
				IPHONEOS_DEPLOYMENT_TARGET = 18.0;
				MTL_ENABLE_DEBUG_INFO = INCLUDE_SOURCE;
				MTL_FAST_MATH = YES;
				ONLY_ACTIVE_ARCH = YES;
				PRODUCT_NAME = "$(TARGET_NAME)";
				SDKROOT = iphoneos;
				SWIFT_ACTIVE_COMPILATION_CONDITIONS = DEBUG;
				SWIFT_EMIT_LOC_STRINGS = YES;
				SWIFT_OPTIMIZATION_LEVEL = "-Onone";
				SWIFT_VERSION = 5.0;
			};
			name = Debug;
		};
		3E90AF71D8514D5A9E74EF35 /* Debug */ = {
			isa = XCBuildConfiguration;
			buildSettings = {
				CODE_SIGN_ENTITLEMENTS = PandaBeFreeWidgets/PandaBeFreeWidgets.entitlements;
				CURRENT_PROJECT_VERSION = 7;
				GENERATE_INFOPLIST_FILE = NO;
				INFOPLIST_FILE = PandaBeFreeWidgets/Info.plist;
				INFOPLIST_KEY_CFBundleDisplayName = PandaBeFree;
				LD_RUNPATH_SEARCH_PATHS = (
					"$(inherited)",
					"@executable_path/Frameworks",
					"@executable_path/../../Frameworks",
				);
				MARKETING_VERSION = 1.0;
				PRODUCT_BUNDLE_IDENTIFIER = "$(APP_BUNDLE_ID).widgets";
				SDKROOT = iphoneos;
				SUPPORTED_PLATFORMS = "iphoneos iphonesimulator";
				SUPPORTS_MACCATALYST = NO;
				SUPPORTS_MAC_DESIGNED_FOR_IPHONE_IPAD = NO;
				SUPPORTS_XR_DESIGNED_FOR_IPHONE_IPAD = NO;
				SWIFT_VERSION = 6.0;
				TARGETED_DEVICE_FAMILY = 1;
			};
			name = Debug;
		};
		6F76C23506A77949B63CBDC6 /* Release */ = {
			isa = XCBuildConfiguration;
			buildSettings = {
				ASSETCATALOG_COMPILER_APPICON_NAME = AppIcon;
				CODE_SIGN_ENTITLEMENTS = PandaBeFree/PandaBeFree.entitlements;
				CURRENT_PROJECT_VERSION = 7;
				GENERATE_INFOPLIST_FILE = NO;
				INFOPLIST_FILE = PandaBeFree/Info.plist;
				INFOPLIST_KEY_CFBundleDisplayName = PandaBeFree;
				INFOPLIST_KEY_LSApplicationCategoryType = "public.app-category.utilities";
				LD_RUNPATH_SEARCH_PATHS = (
					"$(inherited)",
					"@executable_path/Frameworks",
				);
				MARKETING_VERSION = 1.0;
				PRODUCT_BUNDLE_IDENTIFIER = "$(APP_BUNDLE_ID)";
				SDKROOT = iphoneos;
				SUPPORTED_PLATFORMS = "iphoneos iphonesimulator";
				SUPPORTS_MACCATALYST = NO;
				SUPPORTS_MAC_DESIGNED_FOR_IPHONE_IPAD = NO;
				SUPPORTS_XR_DESIGNED_FOR_IPHONE_IPAD = NO;
				SWIFT_VERSION = 6.0;
				TARGETED_DEVICE_FAMILY = 1;
			};
			name = Release;
		};
		99B71FBBC9D89A3DEFC35514 /* Debug */ = {
			isa = XCBuildConfiguration;
			buildSettings = {
				ASSETCATALOG_COMPILER_APPICON_NAME = AppIcon;
				CODE_SIGN_ENTITLEMENTS = PandaBeFree/PandaBeFree.entitlements;
				CURRENT_PROJECT_VERSION = 7;
				GENERATE_INFOPLIST_FILE = NO;
				INFOPLIST_FILE = PandaBeFree/Info.plist;
				INFOPLIST_KEY_CFBundleDisplayName = PandaBeFree;
				INFOPLIST_KEY_LSApplicationCategoryType = "public.app-category.utilities";
				LD_RUNPATH_SEARCH_PATHS = (
					"$(inherited)",
					"@executable_path/Frameworks",
				);
				MARKETING_VERSION = 1.0;
				PRODUCT_BUNDLE_IDENTIFIER = "$(APP_BUNDLE_ID)";
				SDKROOT = iphoneos;
				SUPPORTED_PLATFORMS = "iphoneos iphonesimulator";
				SUPPORTS_MACCATALYST = NO;
				SUPPORTS_MAC_DESIGNED_FOR_IPHONE_IPAD = NO;
				SUPPORTS_XR_DESIGNED_FOR_IPHONE_IPAD = NO;
				SWIFT_VERSION = 6.0;
				TARGETED_DEVICE_FAMILY = 1;
			};
			name = Debug;
		};
		CC0041004100410041004100 /* Debug */ = {
			isa = XCBuildConfiguration;
			buildSettings = {
				BUNDLE_LOADER = "$(TEST_HOST)";
				CURRENT_PROJECT_VERSION = 7;
				GENERATE_INFOPLIST_FILE = YES;
				PRODUCT_BUNDLE_IDENTIFIER = "$(APP_BUNDLE_ID).tests";
				SDKROOT = iphoneos;
				SUPPORTED_PLATFORMS = "iphoneos iphonesimulator";
				SUPPORTS_MACCATALYST = NO;
				SUPPORTS_MAC_DESIGNED_FOR_IPHONE_IPAD = NO;
				SUPPORTS_XR_DESIGNED_FOR_IPHONE_IPAD = NO;
				SWIFT_VERSION = 6.0;
				TARGETED_DEVICE_FAMILY = 1;
				TEST_HOST = "$(BUILT_PRODUCTS_DIR)/PandaBeFree.app/$(BUNDLE_EXECUTABLE_FOLDER_PATH)/PandaBeFree";
			};
			name = Debug;
		};
		CC0042004200420042004200 /* Release */ = {
			isa = XCBuildConfiguration;
			buildSettings = {
				BUNDLE_LOADER = "$(TEST_HOST)";
				CURRENT_PROJECT_VERSION = 7;
				GENERATE_INFOPLIST_FILE = YES;
				PRODUCT_BUNDLE_IDENTIFIER = "$(APP_BUNDLE_ID).tests";
				SDKROOT = iphoneos;
				SUPPORTED_PLATFORMS = "iphoneos iphonesimulator";
				SUPPORTS_MACCATALYST = NO;
				SUPPORTS_MAC_DESIGNED_FOR_IPHONE_IPAD = NO;
				SUPPORTS_XR_DESIGNED_FOR_IPHONE_IPAD = NO;
				SWIFT_VERSION = 6.0;
				TARGETED_DEVICE_FAMILY = 1;
				TEST_HOST = "$(BUILT_PRODUCTS_DIR)/PandaBeFree.app/$(BUNDLE_EXECUTABLE_FOLDER_PATH)/PandaBeFree";
			};
			name = Release;
		};
/* End XCBuildConfiguration section */

/* Begin XCConfigurationList section */
		AA10000EAA10000EAA10000E /* Build configuration list for PBXNativeTarget "PandaBeFreeWatch" */ = {
			isa = XCConfigurationList;
			buildConfigurations = (
				AA10000CAA10000CAA10000C /* Debug */,
				AA10000DAA10000DAA10000D /* Release */,
			);
			defaultConfigurationIsVisible = 0;
			defaultConfigurationName = Debug;
		};
		06E0806B025D4C9209BCE708 /* Build configuration list for PBXNativeTarget "PandaBeFree" */ = {
			isa = XCConfigurationList;
			buildConfigurations = (
				99B71FBBC9D89A3DEFC35514 /* Debug */,
				6F76C23506A77949B63CBDC6 /* Release */,
			);
			defaultConfigurationIsVisible = 0;
			defaultConfigurationName = Debug;
		};
		19F51EE8AB0D3C1E1BD800CD /* Build configuration list for PBXProject "PandaBeFree" */ = {
			isa = XCConfigurationList;
			buildConfigurations = (
				3343E77F4C0319676F858BB8 /* Debug */,
				141826864C15A537EDC0B42E /* Release */,
			);
			defaultConfigurationIsVisible = 0;
			defaultConfigurationName = Debug;
		};
		471E8347629D4E0CA1BF532F /* Build configuration list for PBXNativeTarget "PandaBeFreeWidgets" */ = {
			isa = XCConfigurationList;
			buildConfigurations = (
				3E90AF71D8514D5A9E74EF35 /* Debug */,
				0F9EFD4B6D38ED5F612B2AE0 /* Release */,
			);
			defaultConfigurationIsVisible = 0;
			defaultConfigurationName = Debug;
		};
		CC0040004000400040004000 /* Build configuration list for PBXNativeTarget "PandaBeFreeTests" */ = {
			isa = XCConfigurationList;
			buildConfigurations = (
				CC0041004100410041004100 /* Debug */,
				CC0042004200420042004200 /* Release */,
			);
			defaultConfigurationIsVisible = 0;
			defaultConfigurationName = Debug;
		};
/* End XCConfigurationList section */

/* Begin XCLocalSwiftPackageReference section */
		CC70007000700070007000AA /* XCLocalSwiftPackageReference "Modules/PandaModules" */ = {
			isa = XCLocalSwiftPackageReference;
			relativePath = Modules/PandaModules;
		};
/* End XCLocalSwiftPackageReference section */

/* Begin XCRemoteSwiftPackageReference section */
		CC90009000900090009000AA /* XCRemoteSwiftPackageReference "Navigator" */ = {
			isa = XCRemoteSwiftPackageReference;
			repositoryURL = "https://github.com/hmlongco/Navigator.git";
			requirement = {
				kind = upToNextMajorVersion;
				minimumVersion = 2.0.0;
			};
		};
/* End XCRemoteSwiftPackageReference section */

/* Begin XCSwiftPackageProductDependency section */
		CC60016001600160016001AA /* PandaModels */ = {
			isa = XCSwiftPackageProductDependency;
			productName = PandaModels;
		};
		CC60026002600260026002AA /* Networking */ = {
			isa = XCSwiftPackageProductDependency;
			productName = Networking;
		};
		CC60036003600360036003AA /* PandaUI */ = {
			isa = XCSwiftPackageProductDependency;
			productName = PandaUI;
		};
		CC60039003900390039003AA /* Onboarding */ = {
			isa = XCSwiftPackageProductDependency;
			productName = Onboarding;
		};
		CC60040004000400040004BB /* PrinterControl */ = {
			isa = XCSwiftPackageProductDependency;
			productName = PrinterControl;
		};
		CC60041004100410041004CC /* PandaNotifications */ = {
			isa = XCSwiftPackageProductDependency;
			productName = PandaNotifications;
		};
		CC60042004200420042004DD /* PandaLogger */ = {
			isa = XCSwiftPackageProductDependency;
			productName = PandaLogger;
		};
		CC60046004600460046004AA /* PandaModels */ = {
			isa = XCSwiftPackageProductDependency;
			productName = PandaModels;
		};
		CC60056005600560056005AA /* Networking */ = {
			isa = XCSwiftPackageProductDependency;
			productName = Networking;
		};
		CC60066006600660066006AA /* PandaUI */ = {
			isa = XCSwiftPackageProductDependency;
			productName = PandaUI;
		};
		CC60067006700670067004CC /* PandaNotifications */ = {
			isa = XCSwiftPackageProductDependency;
			productName = PandaNotifications;
		};
		CC60076007600760076007AA /* PandaModels */ = {
			isa = XCSwiftPackageProductDependency;
			productName = PandaModels;
		};
		CC60086008600860086008AA /* Networking */ = {
			isa = XCSwiftPackageProductDependency;
			productName = Networking;
		};
		CC60089008900890089004CC /* PandaNotifications */ = {
			isa = XCSwiftPackageProductDependency;
			productName = PandaNotifications;
		};
		CC90019001900190019001AA /* NavigatorUI */ = {
			isa = XCSwiftPackageProductDependency;
			package = CC90009000900090009000AA /* XCRemoteSwiftPackageReference "Navigator" */;
			productName = NavigatorUI;
		};
/* End XCSwiftPackageProductDependency section */
	};
	rootObject = 89883CB3A77EDF3D2C1BB66A /* Project object */;
}
